
Microsoft Visual Studio Solution File, Format Version 12.00
Project("{FAE04EC0-301F-11D3-BF4B-00C04F79EFBC}") = "Calculator.SamuelD1906", "Calculator.SamuelD1906\Calculator.SamuelD1906.csproj", "{D79C048F-9A3A-4A32-A987-B3757E79A13F}"
EndProject
Global
	GlobalSection(SolutionConfigurationPlatforms) = preSolution
		Debug|Any CPU = Debug|Any CPU
		Release|Any CPU = Release|Any CPU
	EndGlobalSection
	GlobalSection(ProjectConfigurationPlatforms) = postSolution
		{D79C048F-9A3A-4A32-A987-B3757E79A13F}.Debug|Any CPU.ActiveCfg = Debug|Any CPU
		{D79C048F-9A3A-4A32-A987-B3757E79A13F}.Debug|Any CPU.Build.0 = Debug|Any CPU
		{D79C048F-9A3A-4A32-A987-B3757E79A13F}.Release|Any CPU.ActiveCfg = Release|Any CPU
		{D79C048F-9A3A-4A32-A987-B3757E79A13F}.Release|Any CPU.Build.0 = Release|Any CPU
	EndGlobalSection
EndGlobal
